
Microsoft Visual Studio Solution File, Format Version 12.00
# Visual Studio Version 17
VisualStudioVersion = 17.8.34316.72
MinimumVisualStudioVersion = 10.0.40219.1
Project("{FAE04EC0-301F-11D3-BF4B-00C04F79EFBC}") = "CustomerAccounting", "CustomerAccounting\CustomerAccounting.csproj", "{D15421B0-D592-46A0-B1C7-9A0A9C31129A}"
EndProject
Global
	GlobalSection(SolutionConfigurationPlatforms) = preSolution
		Debug|Any CPU = Debug|Any CPU
		Release|Any CPU = Release|Any CPU
	EndGlobalSection
	GlobalSection(ProjectConfigurationPlatforms) = postSolution
		{D15421B0-D592-46A0-B1C7-9A0A9C31129A}.Debug|Any CPU.ActiveCfg = Debug|Any CPU
		{D15421B0-D592-46A0-B1C7-9A0A9C31129A}.Debug|Any CPU.Build.0 = Debug|Any CPU
		{D15421B0-D592-46A0-B1C7-9A0A9C31129A}.Release|Any CPU.ActiveCfg = Release|Any CPU
		{D15421B0-D592-46A0-B1C7-9A0A9C31129A}.Release|Any CPU.Build.0 = Release|Any CPU
	EndGlobalSection
	GlobalSection(SolutionProperties) = preSolution
		HideSolutionNode = FALSE
	EndGlobalSection
	GlobalSection(ExtensibilityGlobals) = postSolution
		SolutionGuid = {6094F7B6-F821-477B-9B4D-F43EC6614214}
	EndGlobalSection
EndGlobal
